// !$*UTF8*$!
{
	archiveVersion = 1;
	classes = {
	};
	objectVersion = 56;
	objects = {

/* Begin PBXBuildFile section */
		575C71552C6631C300E04C65 /* AddLEApp.swift in Sources */ = {isa = PBXBuildFile; fileRef = 575C71542C6631C300E04C65 /* AddLEApp.swift */; };
		575C71572C6631C300E04C65 /* HomeView.swift in Sources */ = {isa = PBXBuildFile; fileRef = 575C71562C6631C300E04C65 /* HomeView.swift */; };
		575C71592C6631C400E04C65 /* Assets.xcassets in Resources */ = {isa = PBXBuildFile; fileRef = 575C71582C6631C400E04C65 /* Assets.xcassets */; };
		575C715C2C6631C400E04C65 /* Preview Assets.xcassets in Resources */ = {isa = PBXBuildFile; fileRef = 575C715B2C6631C400E04C65 /* Preview Assets.xcassets */; };
		575C71682C674F9300E04C65 /* FirebaseFirestore in Frameworks */ = {isa = PBXBuildFile; productRef = 575C71672C674F9300E04C65 /* FirebaseFirestore */; };
		575C716A2C674F9300E04C65 /* FirebaseStorage in Frameworks */ = {isa = PBXBuildFile; productRef = 575C71692C674F9300E04C65 /* FirebaseStorage */; };
		575C716D2C6750A400E04C65 /* AppDelegate.swift in Sources */ = {isa = PBXBuildFile; fileRef = 575C716C2C6750A400E04C65 /* AppDelegate.swift */; };
		575C71702C67516B00E04C65 /* FirebaseService.swift in Sources */ = {isa = PBXBuildFile; fileRef = 575C716F2C67516B00E04C65 /* FirebaseService.swift */; };
		575C71722C67526000E04C65 /* GoogleService-Info.plist in Resources */ = {isa = PBXBuildFile; fileRef = 575C71712C67526000E04C65 /* GoogleService-Info.plist */; };
		575C71752C675C6300E04C65 /* ImageDetection.swift in Sources */ = {isa = PBXBuildFile; fileRef = 575C71742C675C6300E04C65 /* ImageDetection.swift */; };
		575C717A2C67698800E04C65 /* SecretKey.plist in Resources */ = {isa = PBXBuildFile; fileRef = 575C71792C67698800E04C65 /* SecretKey.plist */; };
		575C717D2C6769B400E04C65 /* Date+Ext.swift in Sources */ = {isa = PBXBuildFile; fileRef = 575C717C2C6769B400E04C65 /* Date+Ext.swift */; };
		575C717F2C6769BA00E04C65 /* Bundle+Ext.swift in Sources */ = {isa = PBXBuildFile; fileRef = 575C717E2C6769BA00E04C65 /* Bundle+Ext.swift */; };
		575C71822C679AF900E04C65 /* Color.swift in Sources */ = {isa = PBXBuildFile; fileRef = 575C71812C679AF900E04C65 /* Color.swift */; };
		575C71852C679B1600E04C65 /* Color.xcassets in Resources */ = {isa = PBXBuildFile; fileRef = 575C71842C679B1600E04C65 /* Color.xcassets */; };
		575C71872C679D3C00E04C65 /* Firebase.swift in Sources */ = {isa = PBXBuildFile; fileRef = 575C71862C679D3C00E04C65 /* Firebase.swift */; };
		575C71922C67A2AF00E04C65 /* Pretendard-Regular.otf in Resources */ = {isa = PBXBuildFile; fileRef = 575C71892C67A2AE00E04C65 /* Pretendard-Regular.otf */; };
		575C71932C67A2AF00E04C65 /* Pretendard-Black.otf in Resources */ = {isa = PBXBuildFile; fileRef = 575C718A2C67A2AF00E04C65 /* Pretendard-Black.otf */; };
		575C71942C67A2AF00E04C65 /* Pretendard-Medium.otf in Resources */ = {isa = PBXBuildFile; fileRef = 575C718B2C67A2AF00E04C65 /* Pretendard-Medium.otf */; };
		575C71952C67A2AF00E04C65 /* Pretendard-SemiBold.otf in Resources */ = {isa = PBXBuildFile; fileRef = 575C718C2C67A2AF00E04C65 /* Pretendard-SemiBold.otf */; };
		575C71962C67A2AF00E04C65 /* Pretendard-ExtraBold.otf in Resources */ = {isa = PBXBuildFile; fileRef = 575C718D2C67A2AF00E04C65 /* Pretendard-ExtraBold.otf */; };
		575C71972C67A2AF00E04C65 /* Pretendard-Light.otf in Resources */ = {isa = PBXBuildFile; fileRef = 575C718E2C67A2AF00E04C65 /* Pretendard-Light.otf */; };
		575C71982C67A2AF00E04C65 /* Pretendard-Thin.otf in Resources */ = {isa = PBXBuildFile; fileRef = 575C718F2C67A2AF00E04C65 /* Pretendard-Thin.otf */; };
		575C71992C67A2AF00E04C65 /* Pretendard-ExtraLight.otf in Resources */ = {isa = PBXBuildFile; fileRef = 575C71902C67A2AF00E04C65 /* Pretendard-ExtraLight.otf */; };
		575C719A2C67A2AF00E04C65 /* Pretendard-Bold.otf in Resources */ = {isa = PBXBuildFile; fileRef = 575C71912C67A2AF00E04C65 /* Pretendard-Bold.otf */; };
		575C719C2C67A2B500E04C65 /* Font.swift in Sources */ = {isa = PBXBuildFile; fileRef = 575C719B2C67A2B500E04C65 /* Font.swift */; };
		57D273062C67BF4300C52DA6 /* DetailView.swift in Sources */ = {isa = PBXBuildFile; fileRef = 57D273052C67BF4300C52DA6 /* DetailView.swift */; };
		57D273092C67D68E00C52DA6 /* CustomTextEditor.swift in Sources */ = {isa = PBXBuildFile; fileRef = 57D273082C67D68E00C52DA6 /* CustomTextEditor.swift */; };
/* End PBXBuildFile section */

/* Begin PBXFileReference section */
		575C71512C6631C300E04C65 /* AddLE.app */ = {isa = PBXFileReference; explicitFileType = wrapper.application; includeInIndex = 0; path = AddLE.app; sourceTree = BUILT_PRODUCTS_DIR; };
		575C71542C6631C300E04C65 /* AddLEApp.swift */ = {isa = PBXFileReference; lastKnownFileType = sourcecode.swift; path = AddLEApp.swift; sourceTree = "<group>"; };
		575C71562C6631C300E04C65 /* HomeView.swift */ = {isa = PBXFileReference; lastKnownFileType = sourcecode.swift; path = HomeView.swift; sourceTree = "<group>"; };
		575C71582C6631C400E04C65 /* Assets.xcassets */ = {isa = PBXFileReference; lastKnownFileType = folder.assetcatalog; path = Assets.xcassets; sourceTree = "<group>"; };
		575C715B2C6631C400E04C65 /* Preview Assets.xcassets */ = {isa = PBXFileReference; lastKnownFileType = folder.assetcatalog; path = "Preview Assets.xcassets"; sourceTree = "<group>"; };
		575C716C2C6750A400E04C65 /* AppDelegate.swift */ = {isa = PBXFileReference; lastKnownFileType = sourcecode.swift; path = AppDelegate.swift; sourceTree = "<group>"; };
		575C716F2C67516B00E04C65 /* FirebaseService.swift */ = {isa = PBXFileReference; lastKnownFileType = sourcecode.swift; path = FirebaseService.swift; sourceTree = "<group>"; };
		575C71712C67526000E04C65 /* GoogleService-Info.plist */ = {isa = PBXFileReference; fileEncoding = 4; lastKnownFileType = text.plist.xml; path = "GoogleService-Info.plist"; sourceTree = "<group>"; };
		575C71742C675C6300E04C65 /* ImageDetection.swift */ = {isa = PBXFileReference; lastKnownFileType = sourcecode.swift; path = ImageDetection.swift; sourceTree = "<group>"; };
		575C71792C67698800E04C65 /* SecretKey.plist */ = {isa = PBXFileReference; lastKnownFileType = text.plist.xml; path = SecretKey.plist; sourceTree = "<group>"; };
		575C717C2C6769B400E04C65 /* Date+Ext.swift */ = {isa = PBXFileReference; lastKnownFileType = sourcecode.swift; path = "Date+Ext.swift"; sourceTree = "<group>"; };
		575C717E2C6769BA00E04C65 /* Bundle+Ext.swift */ = {isa = PBXFileReference; lastKnownFileType = sourcecode.swift; path = "Bundle+Ext.swift"; sourceTree = "<group>"; };
		575C71812C679AF900E04C65 /* Color.swift */ = {isa = PBXFileReference; lastKnownFileType = sourcecode.swift; path = Color.swift; sourceTree = "<group>"; };
		575C71842C679B1600E04C65 /* Color.xcassets */ = {isa = PBXFileReference; lastKnownFileType = folder.assetcatalog; path = Color.xcassets; sourceTree = "<group>"; };
		575C71862C679D3C00E04C65 /* Firebase.swift */ = {isa = PBXFileReference; lastKnownFileType = sourcecode.swift; path = Firebase.swift; sourceTree = "<group>"; };
		575C71892C67A2AE00E04C65 /* Pretendard-Regular.otf */ = {isa = PBXFileReference; lastKnownFileType = file; path = "Pretendard-Regular.otf"; sourceTree = "<group>"; };
		575C718A2C67A2AF00E04C65 /* Pretendard-Black.otf */ = {isa = PBXFileReference; lastKnownFileType = file; path = "Pretendard-Black.otf"; sourceTree = "<group>"; };
		575C718B2C67A2AF00E04C65 /* Pretendard-Medium.otf */ = {isa = PBXFileReference; lastKnownFileType = file; path = "Pretendard-Medium.otf"; sourceTree = "<group>"; };
		575C718C2C67A2AF00E04C65 /* Pretendard-SemiBold.otf */ = {isa = PBXFileReference; lastKnownFileType = file; path = "Pretendard-SemiBold.otf"; sourceTree = "<group>"; };
		575C718D2C67A2AF00E04C65 /* Pretendard-ExtraBold.otf */ = {isa = PBXFileReference; lastKnownFileType = file; path = "Pretendard-ExtraBold.otf"; sourceTree = "<group>"; };
		575C718E2C67A2AF00E04C65 /* Pretendard-Light.otf */ = {isa = PBXFileReference; lastKnownFileType = file; path = "Pretendard-Light.otf"; sourceTree = "<group>"; };
		575C718F2C67A2AF00E04C65 /* Pretendard-Thin.otf */ = {isa = PBXFileReference; lastKnownFileType = file; path = "Pretendard-Thin.otf"; sourceTree = "<group>"; };
		575C71902C67A2AF00E04C65 /* Pretendard-ExtraLight.otf */ = {isa = PBXFileReference; lastKnownFileType = file; path = "Pretendard-ExtraLight.otf"; sourceTree = "<group>"; };
		575C71912C67A2AF00E04C65 /* Pretendard-Bold.otf */ = {isa = PBXFileReference; lastKnownFileType = file; path = "Pretendard-Bold.otf"; sourceTree = "<group>"; };
		575C719B2C67A2B500E04C65 /* Font.swift */ = {isa = PBXFileReference; lastKnownFileType = sourcecode.swift; path = Font.swift; sourceTree = "<group>"; };
		575C719D2C67A2C200E04C65 /* Info.plist */ = {isa = PBXFileReference; lastKnownFileType = text.plist.xml; path = Info.plist; sourceTree = "<group>"; };
		57D273052C67BF4300C52DA6 /* DetailView.swift */ = {isa = PBXFileReference; lastKnownFileType = sourcecode.swift; path = DetailView.swift; sourceTree = "<group>"; };
		57D273082C67D68E00C52DA6 /* CustomTextEditor.swift */ = {isa = PBXFileReference; lastKnownFileType = sourcecode.swift; path = CustomTextEditor.swift; sourceTree = "<group>"; };
/* End PBXFileReference section */

/* Begin PBXFrameworksBuildPhase section */
		575C714E2C6631C300E04C65 /* Frameworks */ = {
			isa = PBXFrameworksBuildPhase;
			buildActionMask = 2147483647;
			files = (
				575C71682C674F9300E04C65 /* FirebaseFirestore in Frameworks */,
				575C716A2C674F9300E04C65 /* FirebaseStorage in Frameworks */,
			);
			runOnlyForDeploymentPostprocessing = 0;
		};
/* End PBXFrameworksBuildPhase section */

/* Begin PBXGroup section */
		575C71482C6631C300E04C65 = {
			isa = PBXGroup;
			children = (
				575C71532C6631C300E04C65 /* AddLE */,
				575C71522C6631C300E04C65 /* Products */,
			);
			sourceTree = "<group>";
		};
		575C71522C6631C300E04C65 /* Products */ = {
			isa = PBXGroup;
			children = (
				575C71512C6631C300E04C65 /* AddLE.app */,
			);
			name = Products;
			sourceTree = "<group>";
		};
		575C71532C6631C300E04C65 /* AddLE */ = {
			isa = PBXGroup;
			children = (
				575C716B2C67509400E04C65 /* App */,
				575C71802C679AEB00E04C65 /* Constant */,
				575C717B2C6769A900E04C65 /* Extension */,
				575C71732C675C1300E04C65 /* Model */,
				575C71762C6767D700E04C65 /* View */,
				575C716E2C67515300E04C65 /* Service */,
				575C71832C679B0A00E04C65 /* Resource */,
				575C715A2C6631C400E04C65 /* Preview Content */,
			);
			path = AddLE;
			sourceTree = "<group>";
		};
		575C715A2C6631C400E04C65 /* Preview Content */ = {
			isa = PBXGroup;
			children = (
				575C715B2C6631C400E04C65 /* Preview Assets.xcassets */,
			);
			path = "Preview Content";
			sourceTree = "<group>";
		};
		575C716B2C67509400E04C65 /* App */ = {
			isa = PBXGroup;
			children = (
				575C71542C6631C300E04C65 /* AddLEApp.swift */,
				575C716C2C6750A400E04C65 /* AppDelegate.swift */,
				575C71712C67526000E04C65 /* GoogleService-Info.plist */,
				575C71792C67698800E04C65 /* SecretKey.plist */,
				575C719D2C67A2C200E04C65 /* Info.plist */,
			);
			path = App;
			sourceTree = "<group>";
		};
		575C716E2C67515300E04C65 /* Service */ = {
			isa = PBXGroup;
			children = (
				575C716F2C67516B00E04C65 /* FirebaseService.swift */,
			);
			path = Service;
			sourceTree = "<group>";
		};
		575C71732C675C1300E04C65 /* Model */ = {
			isa = PBXGroup;
			children = (
				575C71742C675C6300E04C65 /* ImageDetection.swift */,
			);
			path = Model;
			sourceTree = "<group>";
		};
		575C71762C6767D700E04C65 /* View */ = {
			isa = PBXGroup;
			children = (
				57D273072C67D67D00C52DA6 /* Component */,
				575C71562C6631C300E04C65 /* HomeView.swift */,
				57D273052C67BF4300C52DA6 /* DetailView.swift */,
			);
			path = View;
			sourceTree = "<group>";
		};
		575C717B2C6769A900E04C65 /* Extension */ = {
			isa = PBXGroup;
			children = (
				575C717C2C6769B400E04C65 /* Date+Ext.swift */,
				575C717E2C6769BA00E04C65 /* Bundle+Ext.swift */,
			);
			path = Extension;
			sourceTree = "<group>";
		};
		575C71802C679AEB00E04C65 /* Constant */ = {
			isa = PBXGroup;
			children = (
				575C719E2C67A38F00E04C65 /* Design */,
				575C71862C679D3C00E04C65 /* Firebase.swift */,
			);
			path = Constant;
			sourceTree = "<group>";
		};
		575C71832C679B0A00E04C65 /* Resource */ = {
			isa = PBXGroup;
			children = (
				575C71882C67A29E00E04C65 /* Font */,
				575C71582C6631C400E04C65 /* Assets.xcassets */,
				575C71842C679B1600E04C65 /* Color.xcassets */,
			);
			path = Resource;
			sourceTree = "<group>";
		};
		575C71882C67A29E00E04C65 /* Font */ = {
			isa = PBXGroup;
			children = (
				575C718A2C67A2AF00E04C65 /* Pretendard-Black.otf */,
				575C71912C67A2AF00E04C65 /* Pretendard-Bold.otf */,
				575C718D2C67A2AF00E04C65 /* Pretendard-ExtraBold.otf */,
				575C71902C67A2AF00E04C65 /* Pretendard-ExtraLight.otf */,
				575C718E2C67A2AF00E04C65 /* Pretendard-Light.otf */,
				575C718B2C67A2AF00E04C65 /* Pretendard-Medium.otf */,
				575C71892C67A2AE00E04C65 /* Pretendard-Regular.otf */,
				575C718C2C67A2AF00E04C65 /* Pretendard-SemiBold.otf */,
				575C718F2C67A2AF00E04C65 /* Pretendard-Thin.otf */,
			);
			path = Font;
			sourceTree = "<group>";
		};
		575C719E2C67A38F00E04C65 /* Design */ = {
			isa = PBXGroup;
			children = (
				575C71812C679AF900E04C65 /* Color.swift */,
				575C719B2C67A2B500E04C65 /* Font.swift */,
			);
			path = Design;
			sourceTree = "<group>";
		};
		57D273072C67D67D00C52DA6 /* Component */ = {
			isa = PBXGroup;
			children = (
				57D273082C67D68E00C52DA6 /* CustomTextEditor.swift */,
			);
			path = Component;
			sourceTree = "<group>";
		};
/* End PBXGroup section */

/* Begin PBXNativeTarget section */
		575C71502C6631C300E04C65 /* AddLE */ = {
			isa = PBXNativeTarget;
			buildConfigurationList = 575C715F2C6631C400E04C65 /* Build configuration list for PBXNativeTarget "AddLE" */;
			buildPhases = (
				575C714D2C6631C300E04C65 /* Sources */,
				575C714E2C6631C300E04C65 /* Frameworks */,
				575C714F2C6631C300E04C65 /* Resources */,
			);
			buildRules = (
			);
			dependencies = (
			);
			name = AddLE;
			packageProductDependencies = (
				575C71672C674F9300E04C65 /* FirebaseFirestore */,
				575C71692C674F9300E04C65 /* FirebaseStorage */,
			);
			productName = AddLE;
			productReference = 575C71512C6631C300E04C65 /* AddLE.app */;
			productType = "com.apple.product-type.application";
		};
/* End PBXNativeTarget section */

/* Begin PBXProject section */
		575C71492C6631C300E04C65 /* Project object */ = {
			isa = PBXProject;
			attributes = {
				BuildIndependentTargetsInParallel = 1;
				LastSwiftUpdateCheck = 1540;
				LastUpgradeCheck = 1540;
				TargetAttributes = {
					575C71502C6631C300E04C65 = {
						CreatedOnToolsVersion = 15.4;
					};
				};
			};
			buildConfigurationList = 575C714C2C6631C300E04C65 /* Build configuration list for PBXProject "AddLE" */;
			compatibilityVersion = "Xcode 14.0";
			developmentRegion = en;
			hasScannedForEncodings = 0;
			knownRegions = (
				en,
				Base,
			);
			mainGroup = 575C71482C6631C300E04C65;
			packageReferences = (
				575C71662C674F9300E04C65 /* XCRemoteSwiftPackageReference "firebase-ios-sdk" */,
			);
			productRefGroup = 575C71522C6631C300E04C65 /* Products */;
			projectDirPath = "";
			projectRoot = "";
			targets = (
				575C71502C6631C300E04C65 /* AddLE */,
			);
		};
/* End PBXProject section */

/* Begin PBXResourcesBuildPhase section */
		575C714F2C6631C300E04C65 /* Resources */ = {
			isa = PBXResourcesBuildPhase;
			buildActionMask = 2147483647;
			files = (
				575C717A2C67698800E04C65 /* SecretKey.plist in Resources */,
				575C71922C67A2AF00E04C65 /* Pretendard-Regular.otf in Resources */,
				575C71962C67A2AF00E04C65 /* Pretendard-ExtraBold.otf in Resources */,
				575C71982C67A2AF00E04C65 /* Pretendard-Thin.otf in Resources */,
				575C715C2C6631C400E04C65 /* Preview Assets.xcassets in Resources */,
				575C71942C67A2AF00E04C65 /* Pretendard-Medium.otf in Resources */,
				575C71972C67A2AF00E04C65 /* Pretendard-Light.otf in Resources */,
				575C71992C67A2AF00E04C65 /* Pretendard-ExtraLight.otf in Resources */,
				575C71852C679B1600E04C65 /* Color.xcassets in Resources */,
				575C719A2C67A2AF00E04C65 /* Pretendard-Bold.otf in Resources */,
				575C71592C6631C400E04C65 /* Assets.xcassets in Resources */,
				575C71952C67A2AF00E04C65 /* Pretendard-SemiBold.otf in Resources */,
				575C71932C67A2AF00E04C65 /* Pretendard-Black.otf in Resources */,
				575C71722C67526000E04C65 /* GoogleService-Info.plist in Resources */,
			);
			runOnlyForDeploymentPostprocessing = 0;
		};
/* End PBXResourcesBuildPhase section */

/* Begin PBXSourcesBuildPhase section */
		575C714D2C6631C300E04C65 /* Sources */ = {
			isa = PBXSourcesBuildPhase;
			buildActionMask = 2147483647;
			files = (
				57D273092C67D68E00C52DA6 /* CustomTextEditor.swift in Sources */,
				575C716D2C6750A400E04C65 /* AppDelegate.swift in Sources */,
				575C71572C6631C300E04C65 /* HomeView.swift in Sources */,
				575C719C2C67A2B500E04C65 /* Font.swift in Sources */,
				575C71702C67516B00E04C65 /* FirebaseService.swift in Sources */,
				575C717D2C6769B400E04C65 /* Date+Ext.swift in Sources */,
				57D273062C67BF4300C52DA6 /* DetailView.swift in Sources */,
				575C717F2C6769BA00E04C65 /* Bundle+Ext.swift in Sources */,
				575C71822C679AF900E04C65 /* Color.swift in Sources */,
				575C71872C679D3C00E04C65 /* Firebase.swift in Sources */,
				575C71752C675C6300E04C65 /* ImageDetection.swift in Sources */,
				575C71552C6631C300E04C65 /* AddLEApp.swift in Sources */,
			);
			runOnlyForDeploymentPostprocessing = 0;
		};
/* End PBXSourcesBuildPhase section */

/* Begin XCBuildConfiguration section */
		575C715D2C6631C400E04C65 /* Debug */ = {
			isa = XCBuildConfiguration;
			buildSettings = {
				ALWAYS_SEARCH_USER_PATHS = NO;
				ASSETCATALOG_COMPILER_GENERATE_SWIFT_ASSET_SYMBOL_EXTENSIONS = YES;
				CLANG_ANALYZER_NONNULL = YES;
				CLANG_ANALYZER_NUMBER_OBJECT_CONVERSION = YES_AGGRESSIVE;
				CLANG_CXX_LANGUAGE_STANDARD = "gnu++20";
				CLANG_ENABLE_MODULES = YES;
				CLANG_ENABLE_OBJC_ARC = YES;
				CLANG_ENABLE_OBJC_WEAK = YES;
				CLANG_WARN_BLOCK_CAPTURE_AUTORELEASING = YES;
				CLANG_WARN_BOOL_CONVERSION = YES;
				CLANG_WARN_COMMA = YES;
				CLANG_WARN_CONSTANT_CONVERSION = YES;
				CLANG_WARN_DEPRECATED_OBJC_IMPLEMENTATIONS = YES;
				CLANG_WARN_DIRECT_OBJC_ISA_USAGE = YES_ERROR;
				CLANG_WARN_DOCUMENTATION_COMMENTS = YES;
				CLANG_WARN_EMPTY_BODY = YES;
				CLANG_WARN_ENUM_CONVERSION = YES;
				CLANG_WARN_INFINITE_RECURSION = YES;
				CLANG_WARN_INT_CONVERSION = YES;
				CLANG_WARN_NON_LITERAL_NULL_CONVERSION = YES;
				CLANG_WARN_OBJC_IMPLICIT_RETAIN_SELF = YES;
				CLANG_WARN_OBJC_LITERAL_CONVERSION = YES;
				CLANG_WARN_OBJC_ROOT_CLASS = YES_ERROR;
				CLANG_WARN_QUOTED_INCLUDE_IN_FRAMEWORK_HEADER = YES;
				CLANG_WARN_RANGE_LOOP_ANALYSIS = YES;
				CLANG_WARN_STRICT_PROTOTYPES = YES;
				CLANG_WARN_SUSPICIOUS_MOVE = YES;
				CLANG_WARN_UNGUARDED_AVAILABILITY = YES_AGGRESSIVE;
				CLANG_WARN_UNREACHABLE_CODE = YES;
				CLANG_WARN__DUPLICATE_METHOD_MATCH = YES;
				COPY_PHASE_STRIP = NO;
				DEBUG_INFORMATION_FORMAT = dwarf;
				ENABLE_STRICT_OBJC_MSGSEND = YES;
				ENABLE_TESTABILITY = YES;
				ENABLE_USER_SCRIPT_SANDBOXING = YES;
				GCC_C_LANGUAGE_STANDARD = gnu17;
				GCC_DYNAMIC_NO_PIC = NO;
				GCC_NO_COMMON_BLOCKS = YES;
				GCC_OPTIMIZATION_LEVEL = 0;
				GCC_PREPROCESSOR_DEFINITIONS = (
					"DEBUG=1",
					"$(inherited)",
				);
				GCC_WARN_64_TO_32_BIT_CONVERSION = YES;
				GCC_WARN_ABOUT_RETURN_TYPE = YES_ERROR;
				GCC_WARN_UNDECLARED_SELECTOR = YES;
				GCC_WARN_UNINITIALIZED_AUTOS = YES_AGGRESSIVE;
				GCC_WARN_UNUSED_FUNCTION = YES;
				GCC_WARN_UNUSED_VARIABLE = YES;
				IPHONEOS_DEPLOYMENT_TARGET = 17.5;
				LOCALIZATION_PREFERS_STRING_CATALOGS = YES;
				MTL_ENABLE_DEBUG_INFO = INCLUDE_SOURCE;
				MTL_FAST_MATH = YES;
				ONLY_ACTIVE_ARCH = YES;
				SDKROOT = iphoneos;
				SWIFT_ACTIVE_COMPILATION_CONDITIONS = "DEBUG $(inherited)";
				SWIFT_OPTIMIZATION_LEVEL = "-Onone";
			};
			name = Debug;
		};
		575C715E2C6631C400E04C65 /* Release */ = {
			isa = XCBuildConfiguration;
			buildSettings = {
				ALWAYS_SEARCH_USER_PATHS = NO;
				ASSETCATALOG_COMPILER_GENERATE_SWIFT_ASSET_SYMBOL_EXTENSIONS = YES;
				CLANG_ANALYZER_NONNULL = YES;
				CLANG_ANALYZER_NUMBER_OBJECT_CONVERSION = YES_AGGRESSIVE;
				CLANG_CXX_LANGUAGE_STANDARD = "gnu++20";
				CLANG_ENABLE_MODULES = YES;
				CLANG_ENABLE_OBJC_ARC = YES;
				CLANG_ENABLE_OBJC_WEAK = YES;
				CLANG_WARN_BLOCK_CAPTURE_AUTORELEASING = YES;
				CLANG_WARN_BOOL_CONVERSION = YES;
				CLANG_WARN_COMMA = YES;
				CLANG_WARN_CONSTANT_CONVERSION = YES;
				CLANG_WARN_DEPRECATED_OBJC_IMPLEMENTATIONS = YES;
				CLANG_WARN_DIRECT_OBJC_ISA_USAGE = YES_ERROR;
				CLANG_WARN_DOCUMENTATION_COMMENTS = YES;
				CLANG_WARN_EMPTY_BODY = YES;
				CLANG_WARN_ENUM_CONVERSION = YES;
				CLANG_WARN_INFINITE_RECURSION = YES;
				CLANG_WARN_INT_CONVERSION = YES;
				CLANG_WARN_NON_LITERAL_NULL_CONVERSION = YES;
				CLANG_WARN_OBJC_IMPLICIT_RETAIN_SELF = YES;
				CLANG_WARN_OBJC_LITERAL_CONVERSION = YES;
				CLANG_WARN_OBJC_ROOT_CLASS = YES_ERROR;
				CLANG_WARN_QUOTED_INCLUDE_IN_FRAMEWORK_HEADER = YES;
				CLANG_WARN_RANGE_LOOP_ANALYSIS = YES;
				CLANG_WARN_STRICT_PROTOTYPES = YES;
				CLANG_WARN_SUSPICIOUS_MOVE = YES;
				CLANG_WARN_UNGUARDED_AVAILABILITY = YES_AGGRESSIVE;
				CLANG_WARN_UNREACHABLE_CODE = YES;
				CLANG_WARN__DUPLICATE_METHOD_MATCH = YES;
				COPY_PHASE_STRIP = NO;
				DEBUG_INFORMATION_FORMAT = "dwarf-with-dsym";
				ENABLE_NS_ASSERTIONS = NO;
				ENABLE_STRICT_OBJC_MSGSEND = YES;
				ENABLE_USER_SCRIPT_SANDBOXING = YES;
				GCC_C_LANGUAGE_STANDARD = gnu17;
				GCC_NO_COMMON_BLOCKS = YES;
				GCC_WARN_64_TO_32_BIT_CONVERSION = YES;
				GCC_WARN_ABOUT_RETURN_TYPE = YES_ERROR;
				GCC_WARN_UNDECLARED_SELECTOR = YES;
				GCC_WARN_UNINITIALIZED_AUTOS = YES_AGGRESSIVE;
				GCC_WARN_UNUSED_FUNCTION = YES;
				GCC_WARN_UNUSED_VARIABLE = YES;
				IPHONEOS_DEPLOYMENT_TARGET = 17.5;
				LOCALIZATION_PREFERS_STRING_CATALOGS = YES;
				MTL_ENABLE_DEBUG_INFO = NO;
				MTL_FAST_MATH = YES;
				SDKROOT = iphoneos;
				SWIFT_COMPILATION_MODE = wholemodule;
				VALIDATE_PRODUCT = YES;
			};
			name = Release;
		};
		575C71602C6631C400E04C65 /* Debug */ = {
			isa = XCBuildConfiguration;
			buildSettings = {
				ASSETCATALOG_COMPILER_APPICON_NAME = AppIcon;
				ASSETCATALOG_COMPILER_GLOBAL_ACCENT_COLOR_NAME = AccentColor;
				CODE_SIGN_STYLE = Automatic;
				CURRENT_PROJECT_VERSION = 1;
				DEVELOPMENT_ASSET_PATHS = "\"AddLE/Preview Content\"";
				DEVELOPMENT_TEAM = 5DFZR8RCQR;
				ENABLE_PREVIEWS = YES;
				GENERATE_INFOPLIST_FILE = YES;
				INFOPLIST_FILE = AddLE/App/Info.plist;
				INFOPLIST_KEY_UIApplicationSceneManifest_Generation = YES;
				INFOPLIST_KEY_UIApplicationSupportsIndirectInputEvents = YES;
				INFOPLIST_KEY_UILaunchScreen_Generation = YES;
				INFOPLIST_KEY_UISupportedInterfaceOrientations = UIInterfaceOrientationPortrait;
				INFOPLIST_KEY_UISupportedInterfaceOrientations_iPad = "UIInterfaceOrientationLandscapeLeft UIInterfaceOrientationLandscapeRight UIInterfaceOrientationPortrait UIInterfaceOrientationPortraitUpsideDown";
				LD_RUNPATH_SEARCH_PATHS = (
					"$(inherited)",
					"@executable_path/Frameworks",
				);
				MARKETING_VERSION = 1.0;
				PRODUCT_BUNDLE_IDENTIFIER = com.mc3.academy.developer.ios.apple.AddLE;
				PRODUCT_NAME = "$(TARGET_NAME)";
				SUPPORTED_PLATFORMS = "iphoneos iphonesimulator";
				SUPPORTS_MACCATALYST = NO;
				SUPPORTS_MAC_DESIGNED_FOR_IPHONE_IPAD = NO;
				SUPPORTS_XR_DESIGNED_FOR_IPHONE_IPAD = NO;
				SWIFT_EMIT_LOC_STRINGS = YES;
				SWIFT_VERSION = 5.0;
				TARGETED_DEVICE_FAMILY = 1;
			};
			name = Debug;
		};
		575C71612C6631C400E04C65 /* Release */ = {
			isa = XCBuildConfiguration;
			buildSettings = {
				ASSETCATALOG_COMPILER_APPICON_NAME = AppIcon;
				ASSETCATALOG_COMPILER_GLOBAL_ACCENT_COLOR_NAME = AccentColor;
				CODE_SIGN_STYLE = Automatic;
				CURRENT_PROJECT_VERSION = 1;
				DEVELOPMENT_ASSET_PATHS = "\"AddLE/Preview Content\"";
				DEVELOPMENT_TEAM = 5DFZR8RCQR;
				ENABLE_PREVIEWS = YES;
				GENERATE_INFOPLIST_FILE = YES;
				INFOPLIST_FILE = AddLE/App/Info.plist;
				INFOPLIST_KEY_UIApplicationSceneManifest_Generation = YES;
				INFOPLIST_KEY_UIApplicationSupportsIndirectInputEvents = YES;
				INFOPLIST_KEY_UILaunchScreen_Generation = YES;
				INFOPLIST_KEY_UISupportedInterfaceOrientations = UIInterfaceOrientationPortrait;
				INFOPLIST_KEY_UISupportedInterfaceOrientations_iPad = "UIInterfaceOrientationLandscapeLeft UIInterfaceOrientationLandscapeRight UIInterfaceOrientationPortrait UIInterfaceOrientationPortraitUpsideDown";
				LD_RUNPATH_SEARCH_PATHS = (
					"$(inherited)",
					"@executable_path/Frameworks",
				);
				MARKETING_VERSION = 1.0;
				PRODUCT_BUNDLE_IDENTIFIER = com.mc3.academy.developer.ios.apple.AddLE;
				PRODUCT_NAME = "$(TARGET_NAME)";
				SUPPORTED_PLATFORMS = "iphoneos iphonesimulator";
				SUPPORTS_MACCATALYST = NO;
				SUPPORTS_MAC_DESIGNED_FOR_IPHONE_IPAD = NO;
				SUPPORTS_XR_DESIGNED_FOR_IPHONE_IPAD = NO;
				SWIFT_EMIT_LOC_STRINGS = YES;
				SWIFT_VERSION = 5.0;
				TARGETED_DEVICE_FAMILY = 1;
			};
			name = Release;
		};
/* End XCBuildConfiguration section */

/* Begin XCConfigurationList section */
		575C714C2C6631C300E04C65 /* Build configuration list for PBXProject "AddLE" */ = {
			isa = XCConfigurationList;
			buildConfigurations = (
				575C715D2C6631C400E04C65 /* Debug */,
				575C715E2C6631C400E04C65 /* Release */,
			);
			defaultConfigurationIsVisible = 0;
			defaultConfigurationName = Release;
		};
		575C715F2C6631C400E04C65 /* Build configuration list for PBXNativeTarget "AddLE" */ = {
			isa = XCConfigurationList;
			buildConfigurations = (
				575C71602C6631C400E04C65 /* Debug */,
				575C71612C6631C400E04C65 /* Release */,
			);
			defaultConfigurationIsVisible = 0;
			defaultConfigurationName = Release;
		};
/* End XCConfigurationList section */

/* Begin XCRemoteSwiftPackageReference section */
		575C71662C674F9300E04C65 /* XCRemoteSwiftPackageReference "firebase-ios-sdk" */ = {
			isa = XCRemoteSwiftPackageReference;
			repositoryURL = "https://github.com/firebase/firebase-ios-sdk";
			requirement = {
				kind = upToNextMajorVersion;
				minimumVersion = 11.0.0;
			};
		};
/* End XCRemoteSwiftPackageReference section */

/* Begin XCSwiftPackageProductDependency section */
		575C71672C674F9300E04C65 /* FirebaseFirestore */ = {
			isa = XCSwiftPackageProductDependency;
			package = 575C71662C674F9300E04C65 /* XCRemoteSwiftPackageReference "firebase-ios-sdk" */;
			productName = FirebaseFirestore;
		};
		575C71692C674F9300E04C65 /* FirebaseStorage */ = {
			isa = XCSwiftPackageProductDependency;
			package = 575C71662C674F9300E04C65 /* XCRemoteSwiftPackageReference "firebase-ios-sdk" */;
			productName = FirebaseStorage;
		};
/* End XCSwiftPackageProductDependency section */
	};
	rootObject = 575C71492C6631C300E04C65 /* Project object */;
}
